
Microsoft Visual Studio Solution File, Format Version 12.00
# Visual Studio 14
VisualStudioVersion = 14.0.23107.0
MinimumVisualStudioVersion = 10.0.40219.1
Project("{888888A0-9F3D-457C-B088-3A5042F75D52}") = "web", "web.pyproj", "{DFEBE88B-71C6-4F76-92AA-77C9D626D0EF}"
EndProject
Project("{888888A0-9F3D-457C-B088-3A5042F75D52}") = "common", "..\common\common.pyproj", "{429293BF-B741-4FB2-BB8D-9F7E17E42F20}"
EndProject
Global
	GlobalSection(SolutionConfigurationPlatforms) = preSolution
		Debug|Any CPU = Debug|Any CPU
		Release|Any CPU = Release|Any CPU
	EndGlobalSection
	GlobalSection(ProjectConfigurationPlatforms) = postSolution
		{DFEBE88B-71C6-4F76-92AA-77C9D626D0EF}.Debug|Any CPU.ActiveCfg = Debug|Any CPU
		{DFEBE88B-71C6-4F76-92AA-77C9D626D0EF}.Debug|Any CPU.Build.0 = Debug|Any CPU
		{DFEBE88B-71C6-4F76-92AA-77C9D626D0EF}.Release|Any CPU.ActiveCfg = Release|Any CPU
		{DFEBE88B-71C6-4F76-92AA-77C9D626D0EF}.Release|Any CPU.Build.0 = Release|Any CPU
		{429293BF-B741-4FB2-BB8D-9F7E17E42F20}.Debug|Any CPU.ActiveCfg = Debug|Any CPU
		{429293BF-B741-4FB2-BB8D-9F7E17E42F20}.Release|Any CPU.ActiveCfg = Release|Any CPU
	EndGlobalSection
	GlobalSection(SolutionProperties) = preSolution
		HideSolutionNode = FALSE
	EndGlobalSection
EndGlobal
